# This file is autogenerated, do not edit; changes may be undone by the next 'dep ensure'.


[[projects]]
  name = "github.com/aws/aws-lambda-go"
  packages = ["events","lambda","lambda/handlertrace","lambda/messages","lambdacontext"]
  revision = "e5086e5a7e53f7039034fa29008221760b04ff79"
  version = "v1.13.2"

[[projects]]
  name = "github.com/aws/aws-sdk-go"
  packages = ["aws","aws/awserr","aws/awsutil","aws/client","aws/client/metadata","aws/corehandlers","aws/credentials","aws/credentials/ec2rolecreds","aws/credentials/endpointcreds","aws/credentials/processcreds","aws/credentials/stscreds","aws/crr","aws/csm","aws/defaults","aws/ec2metadata","aws/endpoints","aws/request","aws/session","aws/signer/v4","internal/ini","internal/sdkio","internal/sdkmath","internal/sdkrand","internal/sdkuri","internal/shareddefaults","private/protocol","private/protocol/json/jsonutil","private/protocol/jsonrpc","private/protocol/query","private/protocol/query/queryutil","private/protocol/rest","private/protocol/xml/xmlutil","service/dynamodb","service/dynamodb/dynamodbattribute","service/sts","service/sts/stsiface"]
  revision = "13ad2b09f6ff7e16808b4a45c32684e6c66bf86d"
  version = "v1.25.19"

[[projects]]
  name = "github.com/dgrijalva/jwt-go"
  packages = ["."]
  revision = "06ea1031745cb8b3dab3f6a236daf2b0aa468b7e"
  version = "v3.2.0"

[[projects]]
  name = "github.com/fatih/structs"
  packages = ["."]
  revision = "4966fc68f5b7593aafa6cbbba2d65ec6e1416047"
  version = "v1.1.0"

[[projects]]
  name = "github.com/go-sql-driver/mysql"
  packages = ["."]
  revision = "72cd26f257d44c1114970e19afddcd812016007e"
  version = "v1.4.1"

[[projects]]
  name = "github.com/jmespath/go-jmespath"
  packages = ["."]
  revision = "c2b33e84"

[[projects]]
  name = "google.golang.org/appengine"
  packages = ["cloudsql"]
  revision = "971852bfffca25b069c31162ae8f247a3dba083b"
  version = "v1.6.5"

[solve-meta]
  analyzer-name = "dep"
  analyzer-version = 1
  inputs-digest = "ae658e8864d707ff8433217ec07d0f89e2f7705e9606706fdfacf1498a1b7882"
  solver-name = "gps-cdcl"
  solver-version = 1
